// !$*UTF8*$!
{
	archiveVersion = 1;
	classes = {
	};
	objectVersion = 56;
	objects = {

/* Begin PBXBuildFile section */
		EF0F873F2C8285FF00114906 /* UnitConverterApp.swift in Sources */ = {isa = PBXBuildFile; fileRef = EF0F873E2C8285FF00114906 /* UnitConverterApp.swift */; };
		EF0F87432C82860100114906 /* Assets.xcassets in Resources */ = {isa = PBXBuildFile; fileRef = EF0F87422C82860100114906 /* Assets.xcassets */; };
		EF0F87462C82860100114906 /* Preview Assets.xcassets in Resources */ = {isa = PBXBuildFile; fileRef = EF0F87452C82860100114906 /* Preview Assets.xcassets */; };
		EF0F874E2C82870400114906 /* CommonUnitsModel.swift in Sources */ = {isa = PBXBuildFile; fileRef = EF0F874D2C82870400114906 /* CommonUnitsModel.swift */; };
		EF37ACD72C8C918500477945 /* CurrencyConverterNetwork.swift in Sources */ = {isa = PBXBuildFile; fileRef = EF37ACD62C8C918500477945 /* CurrencyConverterNetwork.swift */; };
		EF37ACD92C8C91A600477945 /* CurrencyUnitsModel.swift in Sources */ = {isa = PBXBuildFile; fileRef = EF37ACD82C8C91A600477945 /* CurrencyUnitsModel.swift */; };
		EF37ACDB2C8C91D100477945 /* CurrencyConversionViewModel.swift in Sources */ = {isa = PBXBuildFile; fileRef = EF37ACDA2C8C91D100477945 /* CurrencyConversionViewModel.swift */; };
		EF37ACDD2C8C920A00477945 /* CurrencyConverterView.swift  .swift in Sources */ = {isa = PBXBuildFile; fileRef = EF37ACDC2C8C920A00477945 /* CurrencyConverterView.swift  .swift */; };
		EF37C0592C828D0D004B974A /* UnitConversionViewModel.swift in Sources */ = {isa = PBXBuildFile; fileRef = EF37C0582C828D0D004B974A /* UnitConversionViewModel.swift */; };
		EF37C05C2C829111004B974A /* MainMenuView.swift in Sources */ = {isa = PBXBuildFile; fileRef = EF37C05B2C829111004B974A /* MainMenuView.swift */; };
		EF37C05E2C829315004B974A /* UnitConversionView.swift in Sources */ = {isa = PBXBuildFile; fileRef = EF37C05D2C829315004B974A /* UnitConversionView.swift */; };
		EF37C0602C829390004B974A /* CategoryInfoView.swift in Sources */ = {isa = PBXBuildFile; fileRef = EF37C05F2C829390004B974A /* CategoryInfoView.swift */; };
		EF37C0622C834FE1004B974A /* AllConvertersMenu.swift in Sources */ = {isa = PBXBuildFile; fileRef = EF37C0612C834FE1004B974A /* AllConvertersMenu.swift */; };
		EF37C0642C8359BF004B974A /* EngineeringUnitsModel.swift in Sources */ = {isa = PBXBuildFile; fileRef = EF37C0632C8359BF004B974A /* EngineeringUnitsModel.swift */; };
		EF37C0662C835F59004B974A /* AllConvertersModel.swift in Sources */ = {isa = PBXBuildFile; fileRef = EF37C0652C835F59004B974A /* AllConvertersModel.swift */; };
		EF37C06D2C860C94004B974A /* UnitCategory.swift in Sources */ = {isa = PBXBuildFile; fileRef = EF37C06C2C860C94004B974A /* UnitCategory.swift */; };
		EF37C0712C867E90004B974A /* HeatUnitsModel.swift in Sources */ = {isa = PBXBuildFile; fileRef = EF37C0702C867E90004B974A /* HeatUnitsModel.swift */; };
		EF37C0732C8680BA004B974A /* FluidsUnitsModel.swift in Sources */ = {isa = PBXBuildFile; fileRef = EF37C0722C8680BA004B974A /* FluidsUnitsModel.swift */; };
		EF37C0752C8682E6004B974A /* LightUnitsModel.swift in Sources */ = {isa = PBXBuildFile; fileRef = EF37C0742C8682E6004B974A /* LightUnitsModel.swift */; };
		EF37C0772C8683DB004B974A /* ElectricityUnitsModel.swift in Sources */ = {isa = PBXBuildFile; fileRef = EF37C0762C8683DB004B974A /* ElectricityUnitsModel.swift */; };
		EF37C0792C86862D004B974A /* MagnetismUnitsModel.swift in Sources */ = {isa = PBXBuildFile; fileRef = EF37C0782C86862D004B974A /* MagnetismUnitsModel.swift */; };
		EF37C07B2C86870B004B974A /* RadiologyUnitsModel.swift in Sources */ = {isa = PBXBuildFile; fileRef = EF37C07A2C86870B004B974A /* RadiologyUnitsModel.swift */; };
		EF85EF642C8DFD29006E6548 /* SettingsView.swift in Sources */ = {isa = PBXBuildFile; fileRef = EF85EF632C8DFD29006E6548 /* SettingsView.swift */; };
		EF85EF6A2C8E06F8006E6548 /* FavoriteConversion.swift in Sources */ = {isa = PBXBuildFile; fileRef = EF85EF692C8E06F8006E6548 /* FavoriteConversion.swift */; };
		EF85EF6C2C8E0717006E6548 /* FavoritesViewModel.swift in Sources */ = {isa = PBXBuildFile; fileRef = EF85EF6B2C8E0717006E6548 /* FavoritesViewModel.swift */; };
		EF85EF6E2C8E076B006E6548 /* FavoritesView.swift in Sources */ = {isa = PBXBuildFile; fileRef = EF85EF6D2C8E076B006E6548 /* FavoritesView.swift */; };
		EF85EF702C8E0ADF006E6548 /* PreviewContainer.swift in Sources */ = {isa = PBXBuildFile; fileRef = EF85EF6F2C8E0ADF006E6548 /* PreviewContainer.swift */; };
		EF85EF762C8E3229006E6548 /* Launch Screen.storyboard in Resources */ = {isa = PBXBuildFile; fileRef = EF85EF752C8E3229006E6548 /* Launch Screen.storyboard */; };
		EF85EF7C2C8E5D0A006E6548 /* Extension.swift in Sources */ = {isa = PBXBuildFile; fileRef = EF85EF7B2C8E5D0A006E6548 /* Extension.swift */; };
		EFDFFB8D2C8F8EFD009699EC /* MailView.swift in Sources */ = {isa = PBXBuildFile; fileRef = EFDFFB8C2C8F8EFD009699EC /* MailView.swift */; };
/* End PBXBuildFile section */

/* Begin PBXFileReference section */
		EF0F873B2C8285FF00114906 /* UnitConverter.app */ = {isa = PBXFileReference; explicitFileType = wrapper.application; includeInIndex = 0; path = UnitConverter.app; sourceTree = BUILT_PRODUCTS_DIR; };
		EF0F873E2C8285FF00114906 /* UnitConverterApp.swift */ = {isa = PBXFileReference; lastKnownFileType = sourcecode.swift; path = UnitConverterApp.swift; sourceTree = "<group>"; };
		EF0F87422C82860100114906 /* Assets.xcassets */ = {isa = PBXFileReference; lastKnownFileType = folder.assetcatalog; path = Assets.xcassets; sourceTree = "<group>"; };
		EF0F87452C82860100114906 /* Preview Assets.xcassets */ = {isa = PBXFileReference; lastKnownFileType = folder.assetcatalog; path = "Preview Assets.xcassets"; sourceTree = "<group>"; };
		EF0F874D2C82870400114906 /* CommonUnitsModel.swift */ = {isa = PBXFileReference; lastKnownFileType = sourcecode.swift; path = CommonUnitsModel.swift; sourceTree = "<group>"; };
		EF37ACD62C8C918500477945 /* CurrencyConverterNetwork.swift */ = {isa = PBXFileReference; lastKnownFileType = sourcecode.swift; path = CurrencyConverterNetwork.swift; sourceTree = "<group>"; };
		EF37ACD82C8C91A600477945 /* CurrencyUnitsModel.swift */ = {isa = PBXFileReference; lastKnownFileType = sourcecode.swift; path = CurrencyUnitsModel.swift; sourceTree = "<group>"; };
		EF37ACDA2C8C91D100477945 /* CurrencyConversionViewModel.swift */ = {isa = PBXFileReference; lastKnownFileType = sourcecode.swift; path = CurrencyConversionViewModel.swift; sourceTree = "<group>"; };
		EF37ACDC2C8C920A00477945 /* CurrencyConverterView.swift  .swift */ = {isa = PBXFileReference; lastKnownFileType = sourcecode.swift; path = "CurrencyConverterView.swift  .swift"; sourceTree = "<group>"; };
		EF37C0582C828D0D004B974A /* UnitConversionViewModel.swift */ = {isa = PBXFileReference; lastKnownFileType = sourcecode.swift; path = UnitConversionViewModel.swift; sourceTree = "<group>"; };
		EF37C05B2C829111004B974A /* MainMenuView.swift */ = {isa = PBXFileReference; lastKnownFileType = sourcecode.swift; path = MainMenuView.swift; sourceTree = "<group>"; };
		EF37C05D2C829315004B974A /* UnitConversionView.swift */ = {isa = PBXFileReference; lastKnownFileType = sourcecode.swift; path = UnitConversionView.swift; sourceTree = "<group>"; };
		EF37C05F2C829390004B974A /* CategoryInfoView.swift */ = {isa = PBXFileReference; lastKnownFileType = sourcecode.swift; path = CategoryInfoView.swift; sourceTree = "<group>"; };
		EF37C0612C834FE1004B974A /* AllConvertersMenu.swift */ = {isa = PBXFileReference; lastKnownFileType = sourcecode.swift; path = AllConvertersMenu.swift; sourceTree = "<group>"; };
		EF37C0632C8359BF004B974A /* EngineeringUnitsModel.swift */ = {isa = PBXFileReference; lastKnownFileType = sourcecode.swift; path = EngineeringUnitsModel.swift; sourceTree = "<group>"; };
		EF37C0652C835F59004B974A /* AllConvertersModel.swift */ = {isa = PBXFileReference; lastKnownFileType = sourcecode.swift; path = AllConvertersModel.swift; sourceTree = "<group>"; };
		EF37C06C2C860C94004B974A /* UnitCategory.swift */ = {isa = PBXFileReference; lastKnownFileType = sourcecode.swift; path = UnitCategory.swift; sourceTree = "<group>"; };
		EF37C0702C867E90004B974A /* HeatUnitsModel.swift */ = {isa = PBXFileReference; lastKnownFileType = sourcecode.swift; path = HeatUnitsModel.swift; sourceTree = "<group>"; };
		EF37C0722C8680BA004B974A /* FluidsUnitsModel.swift */ = {isa = PBXFileReference; lastKnownFileType = sourcecode.swift; path = FluidsUnitsModel.swift; sourceTree = "<group>"; };
		EF37C0742C8682E6004B974A /* LightUnitsModel.swift */ = {isa = PBXFileReference; lastKnownFileType = sourcecode.swift; path = LightUnitsModel.swift; sourceTree = "<group>"; };
		EF37C0762C8683DB004B974A /* ElectricityUnitsModel.swift */ = {isa = PBXFileReference; lastKnownFileType = sourcecode.swift; path = ElectricityUnitsModel.swift; sourceTree = "<group>"; };
		EF37C0782C86862D004B974A /* MagnetismUnitsModel.swift */ = {isa = PBXFileReference; lastKnownFileType = sourcecode.swift; path = MagnetismUnitsModel.swift; sourceTree = "<group>"; };
		EF37C07A2C86870B004B974A /* RadiologyUnitsModel.swift */ = {isa = PBXFileReference; lastKnownFileType = sourcecode.swift; path = RadiologyUnitsModel.swift; sourceTree = "<group>"; };
		EF85EF632C8DFD29006E6548 /* SettingsView.swift */ = {isa = PBXFileReference; lastKnownFileType = sourcecode.swift; path = SettingsView.swift; sourceTree = "<group>"; };
		EF85EF692C8E06F8006E6548 /* FavoriteConversion.swift */ = {isa = PBXFileReference; lastKnownFileType = sourcecode.swift; path = FavoriteConversion.swift; sourceTree = "<group>"; };
		EF85EF6B2C8E0717006E6548 /* FavoritesViewModel.swift */ = {isa = PBXFileReference; lastKnownFileType = sourcecode.swift; path = FavoritesViewModel.swift; sourceTree = "<group>"; };
		EF85EF6D2C8E076B006E6548 /* FavoritesView.swift */ = {isa = PBXFileReference; lastKnownFileType = sourcecode.swift; path = FavoritesView.swift; sourceTree = "<group>"; };
		EF85EF6F2C8E0ADF006E6548 /* PreviewContainer.swift */ = {isa = PBXFileReference; lastKnownFileType = sourcecode.swift; path = PreviewContainer.swift; sourceTree = "<group>"; };
		EF85EF752C8E3229006E6548 /* Launch Screen.storyboard */ = {isa = PBXFileReference; lastKnownFileType = file.storyboard; path = "Launch Screen.storyboard"; sourceTree = "<group>"; };
		EF85EF7B2C8E5D0A006E6548 /* Extension.swift */ = {isa = PBXFileReference; lastKnownFileType = sourcecode.swift; path = Extension.swift; sourceTree = "<group>"; };
		EFDFFB8C2C8F8EFD009699EC /* MailView.swift */ = {isa = PBXFileReference; lastKnownFileType = sourcecode.swift; path = MailView.swift; sourceTree = "<group>"; };
/* End PBXFileReference section */

/* Begin PBXFrameworksBuildPhase section */
		EF0F87382C8285FF00114906 /* Frameworks */ = {
			isa = PBXFrameworksBuildPhase;
			buildActionMask = 2147483647;
			files = (
			);
			runOnlyForDeploymentPostprocessing = 0;
		};
/* End PBXFrameworksBuildPhase section */

/* Begin PBXGroup section */
		EF0F87322C8285FF00114906 = {
			isa = PBXGroup;
			children = (
				EF0F873D2C8285FF00114906 /* UnitConverter */,
				EF0F873C2C8285FF00114906 /* Products */,
			);
			sourceTree = "<group>";
		};
		EF0F873C2C8285FF00114906 /* Products */ = {
			isa = PBXGroup;
			children = (
				EF0F873B2C8285FF00114906 /* UnitConverter.app */,
			);
			name = Products;
			sourceTree = "<group>";
		};
		EF0F873D2C8285FF00114906 /* UnitConverter */ = {
			isa = PBXGroup;
			children = (
				EF85EF742C8E3215006E6548 /* LaunchScreen */,
				EF85EF7A2C8E5CF8006E6548 /* Extension */,
				EF85EF682C8E06E8006E6548 /* Favorite */,
				EF37ACD52C8C916F00477945 /* PriceConveriton */,
				EF37C06B2C860C83004B974A /* Protocols */,
				EF37C05A2C8290FD004B974A /* Views */,
				EF37C0572C828CC8004B974A /* ViewModels */,
				EF0F874C2C8286DA00114906 /* Models */,
				EF0F873E2C8285FF00114906 /* UnitConverterApp.swift */,
				EF0F87422C82860100114906 /* Assets.xcassets */,
				EF0F87442C82860100114906 /* Preview Content */,
			);
			path = UnitConverter;
			sourceTree = "<group>";
		};
		EF0F87442C82860100114906 /* Preview Content */ = {
			isa = PBXGroup;
			children = (
				EF0F87452C82860100114906 /* Preview Assets.xcassets */,
			);
			path = "Preview Content";
			sourceTree = "<group>";
		};
		EF0F874C2C8286DA00114906 /* Models */ = {
			isa = PBXGroup;
			children = (
				EF37C0652C835F59004B974A /* AllConvertersModel.swift */,
				EF0F874D2C82870400114906 /* CommonUnitsModel.swift */,
				EF37C0632C8359BF004B974A /* EngineeringUnitsModel.swift */,
				EF37C0702C867E90004B974A /* HeatUnitsModel.swift */,
				EF37C0722C8680BA004B974A /* FluidsUnitsModel.swift */,
				EF37C0742C8682E6004B974A /* LightUnitsModel.swift */,
				EF37C0762C8683DB004B974A /* ElectricityUnitsModel.swift */,
				EF37C0782C86862D004B974A /* MagnetismUnitsModel.swift */,
				EF37C07A2C86870B004B974A /* RadiologyUnitsModel.swift */,
				EF37ACD82C8C91A600477945 /* CurrencyUnitsModel.swift */,
			);
			path = Models;
			sourceTree = "<group>";
		};
		EF37ACD52C8C916F00477945 /* PriceConveriton */ = {
			isa = PBXGroup;
			children = (
				EF37ACD62C8C918500477945 /* CurrencyConverterNetwork.swift */,
			);
			path = PriceConveriton;
			sourceTree = "<group>";
		};
		EF37C0572C828CC8004B974A /* ViewModels */ = {
			isa = PBXGroup;
			children = (
				EF37C0582C828D0D004B974A /* UnitConversionViewModel.swift */,
				EF37ACDA2C8C91D100477945 /* CurrencyConversionViewModel.swift */,
				EF85EF6B2C8E0717006E6548 /* FavoritesViewModel.swift */,
			);
			path = ViewModels;
			sourceTree = "<group>";
		};
		EF37C05A2C8290FD004B974A /* Views */ = {
			isa = PBXGroup;
			children = (
				EF37C05B2C829111004B974A /* MainMenuView.swift */,
				EF37C05D2C829315004B974A /* UnitConversionView.swift */,
				EF37C05F2C829390004B974A /* CategoryInfoView.swift */,
				EF37C0612C834FE1004B974A /* AllConvertersMenu.swift */,
				EF37ACDC2C8C920A00477945 /* CurrencyConverterView.swift  .swift */,
				EF85EF632C8DFD29006E6548 /* SettingsView.swift */,
				EF85EF6D2C8E076B006E6548 /* FavoritesView.swift */,
				EFDFFB8C2C8F8EFD009699EC /* MailView.swift */,
			);
			path = Views;
			sourceTree = "<group>";
		};
		EF37C06B2C860C83004B974A /* Protocols */ = {
			isa = PBXGroup;
			children = (
				EF37C06C2C860C94004B974A /* UnitCategory.swift */,
			);
			path = Protocols;
			sourceTree = "<group>";
		};
		EF85EF682C8E06E8006E6548 /* Favorite */ = {
			isa = PBXGroup;
			children = (
				EF85EF692C8E06F8006E6548 /* FavoriteConversion.swift */,
				EF85EF6F2C8E0ADF006E6548 /* PreviewContainer.swift */,
			);
			path = Favorite;
			sourceTree = "<group>";
		};
		EF85EF742C8E3215006E6548 /* LaunchScreen */ = {
			isa = PBXGroup;
			children = (
				EF85EF752C8E3229006E6548 /* Launch Screen.storyboard */,
			);
			path = LaunchScreen;
			sourceTree = "<group>";
		};
		EF85EF7A2C8E5CF8006E6548 /* Extension */ = {
			isa = PBXGroup;
			children = (
				EF85EF7B2C8E5D0A006E6548 /* Extension.swift */,
			);
			path = Extension;
			sourceTree = "<group>";
		};
/* End PBXGroup section */

/* Begin PBXNativeTarget section */
		EF0F873A2C8285FF00114906 /* UnitConverter */ = {
			isa = PBXNativeTarget;
			buildConfigurationList = EF0F87492C82860100114906 /* Build configuration list for PBXNativeTarget "UnitConverter" */;
			buildPhases = (
				EF0F87372C8285FF00114906 /* Sources */,
				EF0F87382C8285FF00114906 /* Frameworks */,
				EF0F87392C8285FF00114906 /* Resources */,
			);
			buildRules = (
			);
			dependencies = (
			);
			name = UnitConverter;
			productName = UnitConverter;
			productReference = EF0F873B2C8285FF00114906 /* UnitConverter.app */;
			productType = "com.apple.product-type.application";
		};
/* End PBXNativeTarget section */

/* Begin PBXProject section */
		EF0F87332C8285FF00114906 /* Project object */ = {
			isa = PBXProject;
			attributes = {
				BuildIndependentTargetsInParallel = 1;
				LastSwiftUpdateCheck = 1540;
				LastUpgradeCheck = 1540;
				TargetAttributes = {
					EF0F873A2C8285FF00114906 = {
						CreatedOnToolsVersion = 15.4;
					};
				};
			};
			buildConfigurationList = EF0F87362C8285FF00114906 /* Build configuration list for PBXProject "UnitConverter" */;
			compatibilityVersion = "Xcode 14.0";
			developmentRegion = en;
			hasScannedForEncodings = 0;
			knownRegions = (
				en,
				Base,
			);
			mainGroup = EF0F87322C8285FF00114906;
			productRefGroup = EF0F873C2C8285FF00114906 /* Products */;
			projectDirPath = "";
			projectRoot = "";
			targets = (
				EF0F873A2C8285FF00114906 /* UnitConverter */,
			);
		};
/* End PBXProject section */

/* Begin PBXResourcesBuildPhase section */
		EF0F87392C8285FF00114906 /* Resources */ = {
			isa = PBXResourcesBuildPhase;
			buildActionMask = 2147483647;
			files = (
				EF85EF762C8E3229006E6548 /* Launch Screen.storyboard in Resources */,
				EF0F87462C82860100114906 /* Preview Assets.xcassets in Resources */,
				EF0F87432C82860100114906 /* Assets.xcassets in Resources */,
			);
			runOnlyForDeploymentPostprocessing = 0;
		};
/* End PBXResourcesBuildPhase section */

/* Begin PBXSourcesBuildPhase section */
		EF0F87372C8285FF00114906 /* Sources */ = {
			isa = PBXSourcesBuildPhase;
			buildActionMask = 2147483647;
			files = (
				EF85EF642C8DFD29006E6548 /* SettingsView.swift in Sources */,
				EF37ACD72C8C918500477945 /* CurrencyConverterNetwork.swift in Sources */,
				EF37C0732C8680BA004B974A /* FluidsUnitsModel.swift in Sources */,
				EF37C0792C86862D004B974A /* MagnetismUnitsModel.swift in Sources */,
				EF37ACDD2C8C920A00477945 /* CurrencyConverterView.swift  .swift in Sources */,
				EF37C07B2C86870B004B974A /* RadiologyUnitsModel.swift in Sources */,
				EF37C0712C867E90004B974A /* HeatUnitsModel.swift in Sources */,
				EF37C0602C829390004B974A /* CategoryInfoView.swift in Sources */,
				EF37C05C2C829111004B974A /* MainMenuView.swift in Sources */,
				EF85EF7C2C8E5D0A006E6548 /* Extension.swift in Sources */,
				EF85EF702C8E0ADF006E6548 /* PreviewContainer.swift in Sources */,
				EF37C0752C8682E6004B974A /* LightUnitsModel.swift in Sources */,
				EF0F874E2C82870400114906 /* CommonUnitsModel.swift in Sources */,
				EF37C0622C834FE1004B974A /* AllConvertersMenu.swift in Sources */,
				EF37ACD92C8C91A600477945 /* CurrencyUnitsModel.swift in Sources */,
				EF37C0662C835F59004B974A /* AllConvertersModel.swift in Sources */,
				EF37C06D2C860C94004B974A /* UnitCategory.swift in Sources */,
				EF0F873F2C8285FF00114906 /* UnitConverterApp.swift in Sources */,
				EF37ACDB2C8C91D100477945 /* CurrencyConversionViewModel.swift in Sources */,
				EF85EF6A2C8E06F8006E6548 /* FavoriteConversion.swift in Sources */,
				EF37C0642C8359BF004B974A /* EngineeringUnitsModel.swift in Sources */,
				EF37C0592C828D0D004B974A /* UnitConversionViewModel.swift in Sources */,
				EF85EF6E2C8E076B006E6548 /* FavoritesView.swift in Sources */,
				EF85EF6C2C8E0717006E6548 /* FavoritesViewModel.swift in Sources */,
				EF37C05E2C829315004B974A /* UnitConversionView.swift in Sources */,
				EFDFFB8D2C8F8EFD009699EC /* MailView.swift in Sources */,
				EF37C0772C8683DB004B974A /* ElectricityUnitsModel.swift in Sources */,
			);
			runOnlyForDeploymentPostprocessing = 0;
		};
/* End PBXSourcesBuildPhase section */

/* Begin XCBuildConfiguration section */
		EF0F87472C82860100114906 /* Debug */ = {
			isa = XCBuildConfiguration;
			buildSettings = {
				ALWAYS_SEARCH_USER_PATHS = NO;
				ASSETCATALOG_COMPILER_GENERATE_SWIFT_ASSET_SYMBOL_EXTENSIONS = YES;
				CLANG_ANALYZER_NONNULL = YES;
				CLANG_ANALYZER_NUMBER_OBJECT_CONVERSION = YES_AGGRESSIVE;
				CLANG_CXX_LANGUAGE_STANDARD = "gnu++20";
				CLANG_ENABLE_MODULES = YES;
				CLANG_ENABLE_OBJC_ARC = YES;
				CLANG_ENABLE_OBJC_WEAK = YES;
				CLANG_WARN_BLOCK_CAPTURE_AUTORELEASING = YES;
				CLANG_WARN_BOOL_CONVERSION = YES;
				CLANG_WARN_COMMA = YES;
				CLANG_WARN_CONSTANT_CONVERSION = YES;
				CLANG_WARN_DEPRECATED_OBJC_IMPLEMENTATIONS = YES;
				CLANG_WARN_DIRECT_OBJC_ISA_USAGE = YES_ERROR;
				CLANG_WARN_DOCUMENTATION_COMMENTS = YES;
				CLANG_WARN_EMPTY_BODY = YES;
				CLANG_WARN_ENUM_CONVERSION = YES;
				CLANG_WARN_INFINITE_RECURSION = YES;
				CLANG_WARN_INT_CONVERSION = YES;
				CLANG_WARN_NON_LITERAL_NULL_CONVERSION = YES;
				CLANG_WARN_OBJC_IMPLICIT_RETAIN_SELF = YES;
				CLANG_WARN_OBJC_LITERAL_CONVERSION = YES;
				CLANG_WARN_OBJC_ROOT_CLASS = YES_ERROR;
				CLANG_WARN_QUOTED_INCLUDE_IN_FRAMEWORK_HEADER = YES;
				CLANG_WARN_RANGE_LOOP_ANALYSIS = YES;
				CLANG_WARN_STRICT_PROTOTYPES = YES;
				CLANG_WARN_SUSPICIOUS_MOVE = YES;
				CLANG_WARN_UNGUARDED_AVAILABILITY = YES_AGGRESSIVE;
				CLANG_WARN_UNREACHABLE_CODE = YES;
				CLANG_WARN__DUPLICATE_METHOD_MATCH = YES;
				COPY_PHASE_STRIP = NO;
				DEBUG_INFORMATION_FORMAT = dwarf;
				ENABLE_STRICT_OBJC_MSGSEND = YES;
				ENABLE_TESTABILITY = YES;
				ENABLE_USER_SCRIPT_SANDBOXING = YES;
				GCC_C_LANGUAGE_STANDARD = gnu17;
				GCC_DYNAMIC_NO_PIC = NO;
				GCC_NO_COMMON_BLOCKS = YES;
				GCC_OPTIMIZATION_LEVEL = 0;
				GCC_PREPROCESSOR_DEFINITIONS = (
					"DEBUG=1",
					"$(inherited)",
				);
				GCC_WARN_64_TO_32_BIT_CONVERSION = YES;
				GCC_WARN_ABOUT_RETURN_TYPE = YES_ERROR;
				GCC_WARN_UNDECLARED_SELECTOR = YES;
				GCC_WARN_UNINITIALIZED_AUTOS = YES_AGGRESSIVE;
				GCC_WARN_UNUSED_FUNCTION = YES;
				GCC_WARN_UNUSED_VARIABLE = YES;
				IPHONEOS_DEPLOYMENT_TARGET = 17.5;
				LOCALIZATION_PREFERS_STRING_CATALOGS = YES;
				MTL_ENABLE_DEBUG_INFO = INCLUDE_SOURCE;
				MTL_FAST_MATH = YES;
				ONLY_ACTIVE_ARCH = YES;
				SDKROOT = iphoneos;
				SWIFT_ACTIVE_COMPILATION_CONDITIONS = "DEBUG $(inherited)";
				SWIFT_OPTIMIZATION_LEVEL = "-Onone";
			};
			name = Debug;
		};
		EF0F87482C82860100114906 /* Release */ = {
			isa = XCBuildConfiguration;
			buildSettings = {
				ALWAYS_SEARCH_USER_PATHS = NO;
				ASSETCATALOG_COMPILER_GENERATE_SWIFT_ASSET_SYMBOL_EXTENSIONS = YES;
				CLANG_ANALYZER_NONNULL = YES;
				CLANG_ANALYZER_NUMBER_OBJECT_CONVERSION = YES_AGGRESSIVE;
				CLANG_CXX_LANGUAGE_STANDARD = "gnu++20";
				CLANG_ENABLE_MODULES = YES;
				CLANG_ENABLE_OBJC_ARC = YES;
				CLANG_ENABLE_OBJC_WEAK = YES;
				CLANG_WARN_BLOCK_CAPTURE_AUTORELEASING = YES;
				CLANG_WARN_BOOL_CONVERSION = YES;
				CLANG_WARN_COMMA = YES;
				CLANG_WARN_CONSTANT_CONVERSION = YES;
				CLANG_WARN_DEPRECATED_OBJC_IMPLEMENTATIONS = YES;
				CLANG_WARN_DIRECT_OBJC_ISA_USAGE = YES_ERROR;
				CLANG_WARN_DOCUMENTATION_COMMENTS = YES;
				CLANG_WARN_EMPTY_BODY = YES;
				CLANG_WARN_ENUM_CONVERSION = YES;
				CLANG_WARN_INFINITE_RECURSION = YES;
				CLANG_WARN_INT_CONVERSION = YES;
				CLANG_WARN_NON_LITERAL_NULL_CONVERSION = YES;
				CLANG_WARN_OBJC_IMPLICIT_RETAIN_SELF = YES;
				CLANG_WARN_OBJC_LITERAL_CONVERSION = YES;
				CLANG_WARN_OBJC_ROOT_CLASS = YES_ERROR;
				CLANG_WARN_QUOTED_INCLUDE_IN_FRAMEWORK_HEADER = YES;
				CLANG_WARN_RANGE_LOOP_ANALYSIS = YES;
				CLANG_WARN_STRICT_PROTOTYPES = YES;
				CLANG_WARN_SUSPICIOUS_MOVE = YES;
				CLANG_WARN_UNGUARDED_AVAILABILITY = YES_AGGRESSIVE;
				CLANG_WARN_UNREACHABLE_CODE = YES;
				CLANG_WARN__DUPLICATE_METHOD_MATCH = YES;
				COPY_PHASE_STRIP = NO;
				DEBUG_INFORMATION_FORMAT = "dwarf-with-dsym";
				ENABLE_NS_ASSERTIONS = NO;
				ENABLE_STRICT_OBJC_MSGSEND = YES;
				ENABLE_USER_SCRIPT_SANDBOXING = YES;
				GCC_C_LANGUAGE_STANDARD = gnu17;
				GCC_NO_COMMON_BLOCKS = YES;
				GCC_WARN_64_TO_32_BIT_CONVERSION = YES;
				GCC_WARN_ABOUT_RETURN_TYPE = YES_ERROR;
				GCC_WARN_UNDECLARED_SELECTOR = YES;
				GCC_WARN_UNINITIALIZED_AUTOS = YES_AGGRESSIVE;
				GCC_WARN_UNUSED_FUNCTION = YES;
				GCC_WARN_UNUSED_VARIABLE = YES;
				IPHONEOS_DEPLOYMENT_TARGET = 17.5;
				LOCALIZATION_PREFERS_STRING_CATALOGS = YES;
				MTL_ENABLE_DEBUG_INFO = NO;
				MTL_FAST_MATH = YES;
				SDKROOT = iphoneos;
				SWIFT_COMPILATION_MODE = wholemodule;
				VALIDATE_PRODUCT = YES;
			};
			name = Release;
		};
		EF0F874A2C82860100114906 /* Debug */ = {
			isa = XCBuildConfiguration;
			buildSettings = {
				ASSETCATALOG_COMPILER_APPICON_NAME = AppIcon;
				ASSETCATALOG_COMPILER_GLOBAL_ACCENT_COLOR_NAME = AccentColor;
				CODE_SIGN_STYLE = Automatic;
				CURRENT_PROJECT_VERSION = 1;
				DEVELOPMENT_ASSET_PATHS = "\"UnitConverter/Preview Content\"";
				DEVELOPMENT_TEAM = 52Q7AQ2WL5;
				ENABLE_PREVIEWS = YES;
				GENERATE_INFOPLIST_FILE = YES;
				INFOPLIST_FILE = UnitConverter/Info.plist;
				INFOPLIST_KEY_LSApplicationCategoryType = "public.app-category.utilities";
				INFOPLIST_KEY_UIApplicationSceneManifest_Generation = YES;
				INFOPLIST_KEY_UIApplicationSupportsIndirectInputEvents = YES;
				INFOPLIST_KEY_UILaunchStoryboardName = "Launch Screen.storyboard";
				INFOPLIST_KEY_UISupportedInterfaceOrientations = UIInterfaceOrientationPortrait;
				INFOPLIST_KEY_UISupportedInterfaceOrientations_iPad = "UIInterfaceOrientationLandscapeLeft UIInterfaceOrientationLandscapeRight UIInterfaceOrientationPortrait UIInterfaceOrientationPortraitUpsideDown";
				LD_RUNPATH_SEARCH_PATHS = (
					"$(inherited)",
					"@executable_path/Frameworks",
				);
				MARKETING_VERSION = 1.0;
				PRODUCT_BUNDLE_IDENTIFIER = burrk.UnitConverter;
				PRODUCT_NAME = "$(TARGET_NAME)";
				SWIFT_EMIT_LOC_STRINGS = YES;
				SWIFT_VERSION = 5.0;
				TARGETED_DEVICE_FAMILY = "1,2";
			};
			name = Debug;
		};
		EF0F874B2C82860100114906 /* Release */ = {
			isa = XCBuildConfiguration;
			buildSettings = {
				ASSETCATALOG_COMPILER_APPICON_NAME = AppIcon;
				ASSETCATALOG_COMPILER_GLOBAL_ACCENT_COLOR_NAME = AccentColor;
				CODE_SIGN_STYLE = Automatic;
				CURRENT_PROJECT_VERSION = 1;
				DEVELOPMENT_ASSET_PATHS = "\"UnitConverter/Preview Content\"";
				DEVELOPMENT_TEAM = 52Q7AQ2WL5;
				ENABLE_PREVIEWS = YES;
				GENERATE_INFOPLIST_FILE = YES;
				INFOPLIST_FILE = UnitConverter/Info.plist;
				INFOPLIST_KEY_LSApplicationCategoryType = "public.app-category.utilities";
				INFOPLIST_KEY_UIApplicationSceneManifest_Generation = YES;
				INFOPLIST_KEY_UIApplicationSupportsIndirectInputEvents = YES;
				INFOPLIST_KEY_UILaunchStoryboardName = "Launch Screen.storyboard";
				INFOPLIST_KEY_UISupportedInterfaceOrientations = UIInterfaceOrientationPortrait;
				INFOPLIST_KEY_UISupportedInterfaceOrientations_iPad = "UIInterfaceOrientationLandscapeLeft UIInterfaceOrientationLandscapeRight UIInterfaceOrientationPortrait UIInterfaceOrientationPortraitUpsideDown";
				LD_RUNPATH_SEARCH_PATHS = (
					"$(inherited)",
					"@executable_path/Frameworks",
				);
				MARKETING_VERSION = 1.0;
				PRODUCT_BUNDLE_IDENTIFIER = burrk.UnitConverter;
				PRODUCT_NAME = "$(TARGET_NAME)";
				SWIFT_EMIT_LOC_STRINGS = YES;
				SWIFT_VERSION = 5.0;
				TARGETED_DEVICE_FAMILY = "1,2";
			};
			name = Release;
		};
/* End XCBuildConfiguration section */

/* Begin XCConfigurationList section */
		EF0F87362C8285FF00114906 /* Build configuration list for PBXProject "UnitConverter" */ = {
			isa = XCConfigurationList;
			buildConfigurations = (
				EF0F87472C82860100114906 /* Debug */,
				EF0F87482C82860100114906 /* Release */,
			);
			defaultConfigurationIsVisible = 0;
			defaultConfigurationName = Release;
		};
		EF0F87492C82860100114906 /* Build configuration list for PBXNativeTarget "UnitConverter" */ = {
			isa = XCConfigurationList;
			buildConfigurations = (
				EF0F874A2C82860100114906 /* Debug */,
				EF0F874B2C82860100114906 /* Release */,
			);
			defaultConfigurationIsVisible = 0;
			defaultConfigurationName = Release;
		};
/* End XCConfigurationList section */
	};
	rootObject = EF0F87332C8285FF00114906 /* Project object */;
}
